
Microsoft Visual Studio Solution File, Format Version 12.00
# Visual Studio Version 17
VisualStudioVersion = 17.0.31903.59
MinimumVisualStudioVersion = 10.0.40219.1
Project("{FAE04EC0-301F-11D3-BF4B-00C04F79EFBC}") = "ShopAssistant", "ShopAssistant\ShopAssistant.csproj", "{1CD3143F-3E45-4997-80B3-76BE29463341}"
EndProject
Global
	GlobalSection(SolutionConfigurationPlatforms) = preSolution
		Debug|Any CPU = Debug|Any CPU
		Release|Any CPU = Release|Any CPU
	EndGlobalSection
	GlobalSection(ProjectConfigurationPlatforms) = postSolution
		{1CD3143F-3E45-4997-80B3-76BE29463341}.Debug|Any CPU.ActiveCfg = Debug|Any CPU
		{1CD3143F-3E45-4997-80B3-76BE29463341}.Debug|Any CPU.Build.0 = Debug|Any CPU
		{1CD3143F-3E45-4997-80B3-76BE29463341}.Release|Any CPU.ActiveCfg = Release|Any CPU
		{1CD3143F-3E45-4997-80B3-76BE29463341}.Release|Any CPU.Build.0 = Release|Any CPU
	EndGlobalSection
	GlobalSection(SolutionProperties) = preSolution
		HideSolutionNode = FALSE
	EndGlobalSection
	GlobalSection(ExtensibilityGlobals) = postSolution
		SolutionGuid = {1F702427-F929-47AE-BBF5-40A12F54CD9A}
	EndGlobalSection
EndGlobal
