
Microsoft Visual Studio Solution File, Format Version 12.00
# Visual Studio Version 17
VisualStudioVersion = 17.0.31717.71
MinimumVisualStudioVersion = 10.0.40219.1
Project("{FAE04EC0-301F-11D3-BF4B-00C04F79EFBC}") = "ZC1", "ZC1\ZC1.csproj", "{91CADC89-3690-48D3-A3F6-068255ECEBDB}"
EndProject
Global
	GlobalSection(SolutionConfigurationPlatforms) = preSolution
		Debug|Any CPU = Debug|Any CPU
		Release|Any CPU = Release|Any CPU
	EndGlobalSection
	GlobalSection(ProjectConfigurationPlatforms) = postSolution
		{91CADC89-3690-48D3-A3F6-068255ECEBDB}.Debug|Any CPU.ActiveCfg = Debug|Any CPU
		{91CADC89-3690-48D3-A3F6-068255ECEBDB}.Debug|Any CPU.Build.0 = Debug|Any CPU
		{91CADC89-3690-48D3-A3F6-068255ECEBDB}.Release|Any CPU.ActiveCfg = Release|Any CPU
		{91CADC89-3690-48D3-A3F6-068255ECEBDB}.Release|Any CPU.Build.0 = Release|Any CPU
	EndGlobalSection
	GlobalSection(SolutionProperties) = preSolution
		HideSolutionNode = FALSE
	EndGlobalSection
	GlobalSection(ExtensibilityGlobals) = postSolution
		SolutionGuid = {6559C465-7411-4BE3-84CC-74A720F49554}
	EndGlobalSection
EndGlobal
