
Microsoft Visual Studio Solution File, Format Version 12.00
# Visual Studio Version 17
VisualStudioVersion = 17.0.31717.71
MinimumVisualStudioVersion = 10.0.40219.1
Project("{FAE04EC0-301F-11D3-BF4B-00C04F79EFBC}") = "Kolory", "Kolory\Kolory.csproj", "{1A47E251-84E0-4CEE-9C01-FC37E33B7D97}"
EndProject
Project("{FAE04EC0-301F-11D3-BF4B-00C04F79EFBC}") = "KoloryModel", "KoloryModel\KoloryModel.csproj", "{ECA8ECB6-E702-4D9C-823B-CA53A8AA46B1}"
EndProject
Global
	GlobalSection(SolutionConfigurationPlatforms) = preSolution
		Debug|Any CPU = Debug|Any CPU
		Release|Any CPU = Release|Any CPU
	EndGlobalSection
	GlobalSection(ProjectConfigurationPlatforms) = postSolution
		{1A47E251-84E0-4CEE-9C01-FC37E33B7D97}.Debug|Any CPU.ActiveCfg = Debug|Any CPU
		{1A47E251-84E0-4CEE-9C01-FC37E33B7D97}.Debug|Any CPU.Build.0 = Debug|Any CPU
		{1A47E251-84E0-4CEE-9C01-FC37E33B7D97}.Release|Any CPU.ActiveCfg = Release|Any CPU
		{1A47E251-84E0-4CEE-9C01-FC37E33B7D97}.Release|Any CPU.Build.0 = Release|Any CPU
		{ECA8ECB6-E702-4D9C-823B-CA53A8AA46B1}.Debug|Any CPU.ActiveCfg = Debug|Any CPU
		{ECA8ECB6-E702-4D9C-823B-CA53A8AA46B1}.Debug|Any CPU.Build.0 = Debug|Any CPU
		{ECA8ECB6-E702-4D9C-823B-CA53A8AA46B1}.Release|Any CPU.ActiveCfg = Release|Any CPU
		{ECA8ECB6-E702-4D9C-823B-CA53A8AA46B1}.Release|Any CPU.Build.0 = Release|Any CPU
	EndGlobalSection
	GlobalSection(SolutionProperties) = preSolution
		HideSolutionNode = FALSE
	EndGlobalSection
	GlobalSection(ExtensibilityGlobals) = postSolution
		SolutionGuid = {7D440757-1D02-40A3-A98D-24FBAA60195A}
	EndGlobalSection
EndGlobal
