
Microsoft Visual Studio Solution File, Format Version 12.00
# Visual Studio Version 17
VisualStudioVersion = 17.0.31903.59
MinimumVisualStudioVersion = 10.0.40219.1
Project("{FAE04EC0-301F-11D3-BF4B-00C04F79EFBC}") = "Choinka", "Choinka\Choinka.csproj", "{45F441F6-119C-4E7B-BED6-79E39968FAF8}"
EndProject
Project("{2150E333-8FDC-42A3-9474-1A3956D46DE8}") = "Solution Items", "Solution Items", "{2D98EC70-48FB-46FC-B0E1-22D86A5CDE72}"
	ProjectSection(SolutionItems) = preProject
		choinka.ico = choinka.ico
	EndProjectSection
EndProject
Global
	GlobalSection(SolutionConfigurationPlatforms) = preSolution
		Debug|Any CPU = Debug|Any CPU
		Release|Any CPU = Release|Any CPU
	EndGlobalSection
	GlobalSection(ProjectConfigurationPlatforms) = postSolution
		{45F441F6-119C-4E7B-BED6-79E39968FAF8}.Debug|Any CPU.ActiveCfg = Debug|Any CPU
		{45F441F6-119C-4E7B-BED6-79E39968FAF8}.Debug|Any CPU.Build.0 = Debug|Any CPU
		{45F441F6-119C-4E7B-BED6-79E39968FAF8}.Release|Any CPU.ActiveCfg = Release|Any CPU
		{45F441F6-119C-4E7B-BED6-79E39968FAF8}.Release|Any CPU.Build.0 = Release|Any CPU
	EndGlobalSection
	GlobalSection(SolutionProperties) = preSolution
		HideSolutionNode = FALSE
	EndGlobalSection
	GlobalSection(ExtensibilityGlobals) = postSolution
		SolutionGuid = {E63C697D-30B2-4CAD-B8AE-E514473CC9AF}
	EndGlobalSection
EndGlobal
